
Microsoft Visual Studio Solution File, Format Version 12.00
# Visual Studio 2013
VisualStudioVersion = 12.0.30723.0
MinimumVisualStudioVersion = 10.0.40219.1
Project("{2150E333-8FDC-42A3-9474-1A3956D46DE8}") = "Solution Items", "Solution Items", "{5304A9B1-3250-4526-8711-5BCC8D0AEB0B}"
	ProjectSection(SolutionItems) = preProject
		readme.txt = readme.txt
	EndProjectSection
EndProject
Project("{2150E333-8FDC-42A3-9474-1A3956D46DE8}") = "HelloWorld.Entities", "HelloWorld.Entities", "{EF8761B2-5893-469F-A7E0-57B0333159CE}"
EndProject
Project("{FAE04EC0-301F-11D3-BF4B-00C04F79EFBC}") = "ClassLibrary1", "ClassLibrary1\ClassLibrary1.csproj", "{B813E5E3-674C-4C82-8BAC-44DA5D3C5CD0}"
EndProject
Project("{FAE04EC0-301F-11D3-BF4B-00C04F79EFBC}") = "HelloWorld.Common", "HelloWorld.Common\HelloWorld.Common.csproj", "{4F1553EC-DABC-4E62-9D3A-3758E665266E}"
EndProject
Global
	GlobalSection(SolutionConfigurationPlatforms) = preSolution
		Debug|Any CPU = Debug|Any CPU
		Release|Any CPU = Release|Any CPU
	EndGlobalSection
	GlobalSection(ProjectConfigurationPlatforms) = postSolution
		{B813E5E3-674C-4C82-8BAC-44DA5D3C5CD0}.Debug|Any CPU.ActiveCfg = Debug|Any CPU
		{B813E5E3-674C-4C82-8BAC-44DA5D3C5CD0}.Debug|Any CPU.Build.0 = Debug|Any CPU
		{B813E5E3-674C-4C82-8BAC-44DA5D3C5CD0}.Release|Any CPU.ActiveCfg = Release|Any CPU
		{B813E5E3-674C-4C82-8BAC-44DA5D3C5CD0}.Release|Any CPU.Build.0 = Release|Any CPU
		{4F1553EC-DABC-4E62-9D3A-3758E665266E}.Debug|Any CPU.ActiveCfg = Debug|Any CPU
		{4F1553EC-DABC-4E62-9D3A-3758E665266E}.Debug|Any CPU.Build.0 = Debug|Any CPU
		{4F1553EC-DABC-4E62-9D3A-3758E665266E}.Release|Any CPU.ActiveCfg = Release|Any CPU
		{4F1553EC-DABC-4E62-9D3A-3758E665266E}.Release|Any CPU.Build.0 = Release|Any CPU
	EndGlobalSection
	GlobalSection(SolutionProperties) = preSolution
		HideSolutionNode = FALSE
	EndGlobalSection
	GlobalSection(NestedProjects) = preSolution
		{B813E5E3-674C-4C82-8BAC-44DA5D3C5CD0} = {EF8761B2-5893-469F-A7E0-57B0333159CE}
	EndGlobalSection
EndGlobal
